
Microsoft Visual Studio Solution File, Format Version 12.00
# Visual Studio 2013
VisualStudioVersion = 12.0.31101.0
MinimumVisualStudioVersion = 10.0.40219.1
Project("{8BC9CEB8-8B4A-11D0-8D11-00A0C91BC942}") = "EjemploFactorial", "EjemploFactorial\EjemploFactorial.vcxproj", "{4405AD41-08E7-4999-8D3D-5119338B09E0}"
EndProject
Project("{8BC9CEB8-8B4A-11D0-8D11-00A0C91BC942}") = "EjemploLoro", "EjemploLoro\EjemploLoro.vcxproj", "{5E7B6646-B7D3-49C8-8A3F-4A21B3E0979B}"
EndProject
Project("{8BC9CEB8-8B4A-11D0-8D11-00A0C91BC942}") = "EjemploSobrecargaOperadores", "EjemploSobrecargaOperadores\EjemploSobrecargaOperadores.vcxproj", "{F0395637-E677-439E-AAFD-D1BD207912BD}"
EndProject
Project("{8BC9CEB8-8B4A-11D0-8D11-00A0C91BC942}") = "EjemploRecursivo", "EjemploRecursivo\EjemploRecursivo.vcxproj", "{D13DA0FC-1538-4321-8778-380623D74D3F}"
EndProject
Project("{8BC9CEB8-8B4A-11D0-8D11-00A0C91BC942}") = "EjemploPunteros", "EjemploPunteros\EjemploPunteros.vcxproj", "{C01BA4D5-3F1E-4B5E-BBB8-C2EEB276370C}"
EndProject
Project("{8BC9CEB8-8B4A-11D0-8D11-00A0C91BC942}") = "EjemploPiramide", "EjemploPiramide\EjemploPiramide.vcxproj", "{E135C89E-F6A7-4B37-A7B9-4FA08FFB9C5F}"
EndProject
Project("{8BC9CEB8-8B4A-11D0-8D11-00A0C91BC942}") = "EjemploPasarCopiaPunteroReferencia", "EjemploPasarCopiaPunteroReferencia\EjemploPasarCopiaPunteroReferencia.vcxproj", "{AB595F5B-F966-4B99-8961-4B0DAE8D82AB}"
EndProject
Project("{8BC9CEB8-8B4A-11D0-8D11-00A0C91BC942}") = "EjemploHerenciaPolimorfismo", "EjemploHerenciaPolimorfismo\EjemploHerenciaPolimorfismo.vcxproj", "{7FA16EB2-0803-421A-B9C1-7662141F658D}"
EndProject
Project("{8BC9CEB8-8B4A-11D0-8D11-00A0C91BC942}") = "EjemploConstructorPorCopia", "EjemploConstructorPorCopia\EjemploConstructorPorCopia.vcxproj", "{A0E63700-8E7D-4E31-8F96-88E03DAC8CAC}"
EndProject
Project("{8BC9CEB8-8B4A-11D0-8D11-00A0C91BC942}") = "EjemploAritmeticaPunteros", "EjemploAritmeticaPunteros\EjemploAritmeticaPunteros.vcxproj", "{967D047E-514D-450E-BC21-00EC624AB821}"
EndProject
Project("{8BC9CEB8-8B4A-11D0-8D11-00A0C91BC942}") = "EjemploArbolesBinariosHerencia", "EjemploArbolesBinariosHerencia\EjemploArbolesBinariosHerencia.vcxproj", "{79894AAE-2180-415D-A533-AF97D9BE917D}"
EndProject
Project("{8BC9CEB8-8B4A-11D0-8D11-00A0C91BC942}") = "EjemploChrono", "EjemploChrono\EjemploChrono.vcxproj", "{5CFAD5DB-3AB8-45F9-AD02-0D563DB6B202}"
EndProject
Project("{8BC9CEB8-8B4A-11D0-8D11-00A0C91BC942}") = "EjemploPlantillas", "EjemploPlantillas\EjemploPlantillas.vcxproj", "{C4B2E056-9F17-4290-90C9-24E58AEE36C9}"
EndProject
Project("{8BC9CEB8-8B4A-11D0-8D11-00A0C91BC942}") = "EjemploCalculadora", "EjemploCalculadora\EjemploCalculadora.vcxproj", "{DEAD5A89-AC83-4AF7-A3AF-60A06353775D}"
EndProject
Project("{8BC9CEB8-8B4A-11D0-8D11-00A0C91BC942}") = "EjemploArbolesBinariosEmplantillado", "EjemploArbolesBinariosEmplantillado\EjemploArbolesBinariosEmplantillado.vcxproj", "{82B81D40-3CE6-42D8-8E72-1B389B3C58D4}"
EndProject
Project("{8BC9CEB8-8B4A-11D0-8D11-00A0C91BC942}") = "EjemploAssert", "EjemploAssert\EjemploAssert.vcxproj", "{0680B7C8-780E-466E-B36D-F21C9B67E97A}"
EndProject
Global
	GlobalSection(SolutionConfigurationPlatforms) = preSolution
		Debug|Any CPU = Debug|Any CPU
		Debug|Mixed Platforms = Debug|Mixed Platforms
		Debug|Win32 = Debug|Win32
		Release|Any CPU = Release|Any CPU
		Release|Mixed Platforms = Release|Mixed Platforms
		Release|Win32 = Release|Win32
	EndGlobalSection
	GlobalSection(ProjectConfigurationPlatforms) = postSolution
		{4405AD41-08E7-4999-8D3D-5119338B09E0}.Debug|Any CPU.ActiveCfg = Debug|Win32
		{4405AD41-08E7-4999-8D3D-5119338B09E0}.Debug|Mixed Platforms.ActiveCfg = Debug|Win32
		{4405AD41-08E7-4999-8D3D-5119338B09E0}.Debug|Mixed Platforms.Build.0 = Debug|Win32
		{4405AD41-08E7-4999-8D3D-5119338B09E0}.Debug|Win32.ActiveCfg = Debug|Win32
		{4405AD41-08E7-4999-8D3D-5119338B09E0}.Debug|Win32.Build.0 = Debug|Win32
		{4405AD41-08E7-4999-8D3D-5119338B09E0}.Release|Any CPU.ActiveCfg = Release|Win32
		{4405AD41-08E7-4999-8D3D-5119338B09E0}.Release|Mixed Platforms.ActiveCfg = Release|Win32
		{4405AD41-08E7-4999-8D3D-5119338B09E0}.Release|Mixed Platforms.Build.0 = Release|Win32
		{4405AD41-08E7-4999-8D3D-5119338B09E0}.Release|Win32.ActiveCfg = Release|Win32
		{4405AD41-08E7-4999-8D3D-5119338B09E0}.Release|Win32.Build.0 = Release|Win32
		{5E7B6646-B7D3-49C8-8A3F-4A21B3E0979B}.Debug|Any CPU.ActiveCfg = Debug|Win32
		{5E7B6646-B7D3-49C8-8A3F-4A21B3E0979B}.Debug|Mixed Platforms.ActiveCfg = Debug|Win32
		{5E7B6646-B7D3-49C8-8A3F-4A21B3E0979B}.Debug|Mixed Platforms.Build.0 = Debug|Win32
		{5E7B6646-B7D3-49C8-8A3F-4A21B3E0979B}.Debug|Win32.ActiveCfg = Debug|Win32
		{5E7B6646-B7D3-49C8-8A3F-4A21B3E0979B}.Debug|Win32.Build.0 = Debug|Win32
		{5E7B6646-B7D3-49C8-8A3F-4A21B3E0979B}.Release|Any CPU.ActiveCfg = Release|Win32
		{5E7B6646-B7D3-49C8-8A3F-4A21B3E0979B}.Release|Mixed Platforms.ActiveCfg = Release|Win32
		{5E7B6646-B7D3-49C8-8A3F-4A21B3E0979B}.Release|Mixed Platforms.Build.0 = Release|Win32
		{5E7B6646-B7D3-49C8-8A3F-4A21B3E0979B}.Release|Win32.ActiveCfg = Release|Win32
		{5E7B6646-B7D3-49C8-8A3F-4A21B3E0979B}.Release|Win32.Build.0 = Release|Win32
		{F0395637-E677-439E-AAFD-D1BD207912BD}.Debug|Any CPU.ActiveCfg = Debug|Win32
		{F0395637-E677-439E-AAFD-D1BD207912BD}.Debug|Mixed Platforms.ActiveCfg = Debug|Win32
		{F0395637-E677-439E-AAFD-D1BD207912BD}.Debug|Mixed Platforms.Build.0 = Debug|Win32
		{F0395637-E677-439E-AAFD-D1BD207912BD}.Debug|Win32.ActiveCfg = Debug|Win32
		{F0395637-E677-439E-AAFD-D1BD207912BD}.Debug|Win32.Build.0 = Debug|Win32
		{F0395637-E677-439E-AAFD-D1BD207912BD}.Release|Any CPU.ActiveCfg = Release|Win32
		{F0395637-E677-439E-AAFD-D1BD207912BD}.Release|Mixed Platforms.ActiveCfg = Release|Win32
		{F0395637-E677-439E-AAFD-D1BD207912BD}.Release|Mixed Platforms.Build.0 = Release|Win32
		{F0395637-E677-439E-AAFD-D1BD207912BD}.Release|Win32.ActiveCfg = Release|Win32
		{F0395637-E677-439E-AAFD-D1BD207912BD}.Release|Win32.Build.0 = Release|Win32
		{D13DA0FC-1538-4321-8778-380623D74D3F}.Debug|Any CPU.ActiveCfg = Debug|Win32
		{D13DA0FC-1538-4321-8778-380623D74D3F}.Debug|Mixed Platforms.ActiveCfg = Debug|Win32
		{D13DA0FC-1538-4321-8778-380623D74D3F}.Debug|Mixed Platforms.Build.0 = Debug|Win32
		{D13DA0FC-1538-4321-8778-380623D74D3F}.Debug|Win32.ActiveCfg = Debug|Win32
		{D13DA0FC-1538-4321-8778-380623D74D3F}.Debug|Win32.Build.0 = Debug|Win32
		{D13DA0FC-1538-4321-8778-380623D74D3F}.Release|Any CPU.ActiveCfg = Release|Win32
		{D13DA0FC-1538-4321-8778-380623D74D3F}.Release|Mixed Platforms.ActiveCfg = Release|Win32
		{D13DA0FC-1538-4321-8778-380623D74D3F}.Release|Mixed Platforms.Build.0 = Release|Win32
		{D13DA0FC-1538-4321-8778-380623D74D3F}.Release|Win32.ActiveCfg = Release|Win32
		{D13DA0FC-1538-4321-8778-380623D74D3F}.Release|Win32.Build.0 = Release|Win32
		{C01BA4D5-3F1E-4B5E-BBB8-C2EEB276370C}.Debug|Any CPU.ActiveCfg = Debug|Win32
		{C01BA4D5-3F1E-4B5E-BBB8-C2EEB276370C}.Debug|Mixed Platforms.ActiveCfg = Debug|Win32
		{C01BA4D5-3F1E-4B5E-BBB8-C2EEB276370C}.Debug|Mixed Platforms.Build.0 = Debug|Win32
		{C01BA4D5-3F1E-4B5E-BBB8-C2EEB276370C}.Debug|Win32.ActiveCfg = Debug|Win32
		{C01BA4D5-3F1E-4B5E-BBB8-C2EEB276370C}.Debug|Win32.Build.0 = Debug|Win32
		{C01BA4D5-3F1E-4B5E-BBB8-C2EEB276370C}.Release|Any CPU.ActiveCfg = Release|Win32
		{C01BA4D5-3F1E-4B5E-BBB8-C2EEB276370C}.Release|Mixed Platforms.ActiveCfg = Release|Win32
		{C01BA4D5-3F1E-4B5E-BBB8-C2EEB276370C}.Release|Mixed Platforms.Build.0 = Release|Win32
		{C01BA4D5-3F1E-4B5E-BBB8-C2EEB276370C}.Release|Win32.ActiveCfg = Release|Win32
		{C01BA4D5-3F1E-4B5E-BBB8-C2EEB276370C}.Release|Win32.Build.0 = Release|Win32
		{E135C89E-F6A7-4B37-A7B9-4FA08FFB9C5F}.Debug|Any CPU.ActiveCfg = Debug|Win32
		{E135C89E-F6A7-4B37-A7B9-4FA08FFB9C5F}.Debug|Mixed Platforms.ActiveCfg = Debug|Win32
		{E135C89E-F6A7-4B37-A7B9-4FA08FFB9C5F}.Debug|Mixed Platforms.Build.0 = Debug|Win32
		{E135C89E-F6A7-4B37-A7B9-4FA08FFB9C5F}.Debug|Win32.ActiveCfg = Debug|Win32
		{E135C89E-F6A7-4B37-A7B9-4FA08FFB9C5F}.Debug|Win32.Build.0 = Debug|Win32
		{E135C89E-F6A7-4B37-A7B9-4FA08FFB9C5F}.Release|Any CPU.ActiveCfg = Release|Win32
		{E135C89E-F6A7-4B37-A7B9-4FA08FFB9C5F}.Release|Mixed Platforms.ActiveCfg = Release|Win32
		{E135C89E-F6A7-4B37-A7B9-4FA08FFB9C5F}.Release|Mixed Platforms.Build.0 = Release|Win32
		{E135C89E-F6A7-4B37-A7B9-4FA08FFB9C5F}.Release|Win32.ActiveCfg = Release|Win32
		{E135C89E-F6A7-4B37-A7B9-4FA08FFB9C5F}.Release|Win32.Build.0 = Release|Win32
		{AB595F5B-F966-4B99-8961-4B0DAE8D82AB}.Debug|Any CPU.ActiveCfg = Debug|Win32
		{AB595F5B-F966-4B99-8961-4B0DAE8D82AB}.Debug|Mixed Platforms.ActiveCfg = Debug|Win32
		{AB595F5B-F966-4B99-8961-4B0DAE8D82AB}.Debug|Mixed Platforms.Build.0 = Debug|Win32
		{AB595F5B-F966-4B99-8961-4B0DAE8D82AB}.Debug|Win32.ActiveCfg = Debug|Win32
		{AB595F5B-F966-4B99-8961-4B0DAE8D82AB}.Debug|Win32.Build.0 = Debug|Win32
		{AB595F5B-F966-4B99-8961-4B0DAE8D82AB}.Release|Any CPU.ActiveCfg = Release|Win32
		{AB595F5B-F966-4B99-8961-4B0DAE8D82AB}.Release|Mixed Platforms.ActiveCfg = Release|Win32
		{AB595F5B-F966-4B99-8961-4B0DAE8D82AB}.Release|Mixed Platforms.Build.0 = Release|Win32
		{AB595F5B-F966-4B99-8961-4B0DAE8D82AB}.Release|Win32.ActiveCfg = Release|Win32
		{AB595F5B-F966-4B99-8961-4B0DAE8D82AB}.Release|Win32.Build.0 = Release|Win32
		{7FA16EB2-0803-421A-B9C1-7662141F658D}.Debug|Any CPU.ActiveCfg = Debug|Win32
		{7FA16EB2-0803-421A-B9C1-7662141F658D}.Debug|Mixed Platforms.ActiveCfg = Debug|Win32
		{7FA16EB2-0803-421A-B9C1-7662141F658D}.Debug|Mixed Platforms.Build.0 = Debug|Win32
		{7FA16EB2-0803-421A-B9C1-7662141F658D}.Debug|Win32.ActiveCfg = Debug|Win32
		{7FA16EB2-0803-421A-B9C1-7662141F658D}.Debug|Win32.Build.0 = Debug|Win32
		{7FA16EB2-0803-421A-B9C1-7662141F658D}.Release|Any CPU.ActiveCfg = Release|Win32
		{7FA16EB2-0803-421A-B9C1-7662141F658D}.Release|Mixed Platforms.ActiveCfg = Release|Win32
		{7FA16EB2-0803-421A-B9C1-7662141F658D}.Release|Mixed Platforms.Build.0 = Release|Win32
		{7FA16EB2-0803-421A-B9C1-7662141F658D}.Release|Win32.ActiveCfg = Release|Win32
		{7FA16EB2-0803-421A-B9C1-7662141F658D}.Release|Win32.Build.0 = Release|Win32
		{A0E63700-8E7D-4E31-8F96-88E03DAC8CAC}.Debug|Any CPU.ActiveCfg = Debug|Win32
		{A0E63700-8E7D-4E31-8F96-88E03DAC8CAC}.Debug|Mixed Platforms.ActiveCfg = Debug|Win32
		{A0E63700-8E7D-4E31-8F96-88E03DAC8CAC}.Debug|Mixed Platforms.Build.0 = Debug|Win32
		{A0E63700-8E7D-4E31-8F96-88E03DAC8CAC}.Debug|Win32.ActiveCfg = Debug|Win32
		{A0E63700-8E7D-4E31-8F96-88E03DAC8CAC}.Debug|Win32.Build.0 = Debug|Win32
		{A0E63700-8E7D-4E31-8F96-88E03DAC8CAC}.Release|Any CPU.ActiveCfg = Release|Win32
		{A0E63700-8E7D-4E31-8F96-88E03DAC8CAC}.Release|Mixed Platforms.ActiveCfg = Release|Win32
		{A0E63700-8E7D-4E31-8F96-88E03DAC8CAC}.Release|Mixed Platforms.Build.0 = Release|Win32
		{A0E63700-8E7D-4E31-8F96-88E03DAC8CAC}.Release|Win32.ActiveCfg = Release|Win32
		{A0E63700-8E7D-4E31-8F96-88E03DAC8CAC}.Release|Win32.Build.0 = Release|Win32
		{967D047E-514D-450E-BC21-00EC624AB821}.Debug|Any CPU.ActiveCfg = Debug|Win32
		{967D047E-514D-450E-BC21-00EC624AB821}.Debug|Mixed Platforms.ActiveCfg = Debug|Win32
		{967D047E-514D-450E-BC21-00EC624AB821}.Debug|Mixed Platforms.Build.0 = Debug|Win32
		{967D047E-514D-450E-BC21-00EC624AB821}.Debug|Win32.ActiveCfg = Debug|Win32
		{967D047E-514D-450E-BC21-00EC624AB821}.Debug|Win32.Build.0 = Debug|Win32
		{967D047E-514D-450E-BC21-00EC624AB821}.Release|Any CPU.ActiveCfg = Release|Win32
		{967D047E-514D-450E-BC21-00EC624AB821}.Release|Mixed Platforms.ActiveCfg = Release|Win32
		{967D047E-514D-450E-BC21-00EC624AB821}.Release|Mixed Platforms.Build.0 = Release|Win32
		{967D047E-514D-450E-BC21-00EC624AB821}.Release|Win32.ActiveCfg = Release|Win32
		{967D047E-514D-450E-BC21-00EC624AB821}.Release|Win32.Build.0 = Release|Win32
		{79894AAE-2180-415D-A533-AF97D9BE917D}.Debug|Any CPU.ActiveCfg = Debug|Win32
		{79894AAE-2180-415D-A533-AF97D9BE917D}.Debug|Mixed Platforms.ActiveCfg = Debug|Win32
		{79894AAE-2180-415D-A533-AF97D9BE917D}.Debug|Mixed Platforms.Build.0 = Debug|Win32
		{79894AAE-2180-415D-A533-AF97D9BE917D}.Debug|Win32.ActiveCfg = Debug|Win32
		{79894AAE-2180-415D-A533-AF97D9BE917D}.Debug|Win32.Build.0 = Debug|Win32
		{79894AAE-2180-415D-A533-AF97D9BE917D}.Release|Any CPU.ActiveCfg = Release|Win32
		{79894AAE-2180-415D-A533-AF97D9BE917D}.Release|Mixed Platforms.ActiveCfg = Release|Win32
		{79894AAE-2180-415D-A533-AF97D9BE917D}.Release|Mixed Platforms.Build.0 = Release|Win32
		{79894AAE-2180-415D-A533-AF97D9BE917D}.Release|Win32.ActiveCfg = Release|Win32
		{79894AAE-2180-415D-A533-AF97D9BE917D}.Release|Win32.Build.0 = Release|Win32
		{5CFAD5DB-3AB8-45F9-AD02-0D563DB6B202}.Debug|Any CPU.ActiveCfg = Debug|Win32
		{5CFAD5DB-3AB8-45F9-AD02-0D563DB6B202}.Debug|Mixed Platforms.ActiveCfg = Debug|Win32
		{5CFAD5DB-3AB8-45F9-AD02-0D563DB6B202}.Debug|Mixed Platforms.Build.0 = Debug|Win32
		{5CFAD5DB-3AB8-45F9-AD02-0D563DB6B202}.Debug|Win32.ActiveCfg = Debug|Win32
		{5CFAD5DB-3AB8-45F9-AD02-0D563DB6B202}.Debug|Win32.Build.0 = Debug|Win32
		{5CFAD5DB-3AB8-45F9-AD02-0D563DB6B202}.Release|Any CPU.ActiveCfg = Release|Win32
		{5CFAD5DB-3AB8-45F9-AD02-0D563DB6B202}.Release|Mixed Platforms.ActiveCfg = Release|Win32
		{5CFAD5DB-3AB8-45F9-AD02-0D563DB6B202}.Release|Mixed Platforms.Build.0 = Release|Win32
		{5CFAD5DB-3AB8-45F9-AD02-0D563DB6B202}.Release|Win32.ActiveCfg = Release|Win32
		{5CFAD5DB-3AB8-45F9-AD02-0D563DB6B202}.Release|Win32.Build.0 = Release|Win32
		{C4B2E056-9F17-4290-90C9-24E58AEE36C9}.Debug|Any CPU.ActiveCfg = Debug|Win32
		{C4B2E056-9F17-4290-90C9-24E58AEE36C9}.Debug|Mixed Platforms.ActiveCfg = Debug|Win32
		{C4B2E056-9F17-4290-90C9-24E58AEE36C9}.Debug|Mixed Platforms.Build.0 = Debug|Win32
		{C4B2E056-9F17-4290-90C9-24E58AEE36C9}.Debug|Win32.ActiveCfg = Debug|Win32
		{C4B2E056-9F17-4290-90C9-24E58AEE36C9}.Debug|Win32.Build.0 = Debug|Win32
		{C4B2E056-9F17-4290-90C9-24E58AEE36C9}.Release|Any CPU.ActiveCfg = Release|Win32
		{C4B2E056-9F17-4290-90C9-24E58AEE36C9}.Release|Mixed Platforms.ActiveCfg = Release|Win32
		{C4B2E056-9F17-4290-90C9-24E58AEE36C9}.Release|Mixed Platforms.Build.0 = Release|Win32
		{C4B2E056-9F17-4290-90C9-24E58AEE36C9}.Release|Win32.ActiveCfg = Release|Win32
		{C4B2E056-9F17-4290-90C9-24E58AEE36C9}.Release|Win32.Build.0 = Release|Win32
		{DEAD5A89-AC83-4AF7-A3AF-60A06353775D}.Debug|Any CPU.ActiveCfg = Debug|Win32
		{DEAD5A89-AC83-4AF7-A3AF-60A06353775D}.Debug|Mixed Platforms.ActiveCfg = Debug|Win32
		{DEAD5A89-AC83-4AF7-A3AF-60A06353775D}.Debug|Mixed Platforms.Build.0 = Debug|Win32
		{DEAD5A89-AC83-4AF7-A3AF-60A06353775D}.Debug|Win32.ActiveCfg = Debug|Win32
		{DEAD5A89-AC83-4AF7-A3AF-60A06353775D}.Debug|Win32.Build.0 = Debug|Win32
		{DEAD5A89-AC83-4AF7-A3AF-60A06353775D}.Release|Any CPU.ActiveCfg = Release|Win32
		{DEAD5A89-AC83-4AF7-A3AF-60A06353775D}.Release|Mixed Platforms.ActiveCfg = Release|Win32
		{DEAD5A89-AC83-4AF7-A3AF-60A06353775D}.Release|Mixed Platforms.Build.0 = Release|Win32
		{DEAD5A89-AC83-4AF7-A3AF-60A06353775D}.Release|Win32.ActiveCfg = Release|Win32
		{DEAD5A89-AC83-4AF7-A3AF-60A06353775D}.Release|Win32.Build.0 = Release|Win32
		{82B81D40-3CE6-42D8-8E72-1B389B3C58D4}.Debug|Any CPU.ActiveCfg = Debug|Win32
		{82B81D40-3CE6-42D8-8E72-1B389B3C58D4}.Debug|Mixed Platforms.ActiveCfg = Debug|Win32
		{82B81D40-3CE6-42D8-8E72-1B389B3C58D4}.Debug|Mixed Platforms.Build.0 = Debug|Win32
		{82B81D40-3CE6-42D8-8E72-1B389B3C58D4}.Debug|Win32.ActiveCfg = Debug|Win32
		{82B81D40-3CE6-42D8-8E72-1B389B3C58D4}.Debug|Win32.Build.0 = Debug|Win32
		{82B81D40-3CE6-42D8-8E72-1B389B3C58D4}.Release|Any CPU.ActiveCfg = Release|Win32
		{82B81D40-3CE6-42D8-8E72-1B389B3C58D4}.Release|Mixed Platforms.ActiveCfg = Release|Win32
		{82B81D40-3CE6-42D8-8E72-1B389B3C58D4}.Release|Mixed Platforms.Build.0 = Release|Win32
		{82B81D40-3CE6-42D8-8E72-1B389B3C58D4}.Release|Win32.ActiveCfg = Release|Win32
		{82B81D40-3CE6-42D8-8E72-1B389B3C58D4}.Release|Win32.Build.0 = Release|Win32
		{0680B7C8-780E-466E-B36D-F21C9B67E97A}.Debug|Any CPU.ActiveCfg = Debug|Win32
		{0680B7C8-780E-466E-B36D-F21C9B67E97A}.Debug|Mixed Platforms.ActiveCfg = Debug|Win32
		{0680B7C8-780E-466E-B36D-F21C9B67E97A}.Debug|Mixed Platforms.Build.0 = Debug|Win32
		{0680B7C8-780E-466E-B36D-F21C9B67E97A}.Debug|Win32.ActiveCfg = Debug|Win32
		{0680B7C8-780E-466E-B36D-F21C9B67E97A}.Debug|Win32.Build.0 = Debug|Win32
		{0680B7C8-780E-466E-B36D-F21C9B67E97A}.Release|Any CPU.ActiveCfg = Release|Win32
		{0680B7C8-780E-466E-B36D-F21C9B67E97A}.Release|Mixed Platforms.ActiveCfg = Release|Win32
		{0680B7C8-780E-466E-B36D-F21C9B67E97A}.Release|Mixed Platforms.Build.0 = Release|Win32
		{0680B7C8-780E-466E-B36D-F21C9B67E97A}.Release|Win32.ActiveCfg = Release|Win32
		{0680B7C8-780E-466E-B36D-F21C9B67E97A}.Release|Win32.Build.0 = Release|Win32
	EndGlobalSection
	GlobalSection(SolutionProperties) = preSolution
		HideSolutionNode = FALSE
	EndGlobalSection
EndGlobal
