
Microsoft Visual Studio Solution File, Format Version 12.00
# Visual Studio 2013
VisualStudioVersion = 12.0.30501.0
MinimumVisualStudioVersion = 10.0.40219.1
Project("{8BC9CEB8-8B4A-11D0-8D11-00A0C91BC942}") = "EjemploFactorial", "EjemploFactorial\EjemploFactorial.vcxproj", "{4405AD41-08E7-4999-8D3D-5119338B09E0}"
EndProject
Project("{8BC9CEB8-8B4A-11D0-8D11-00A0C91BC942}") = "EjemploLoro", "EjemploLoro\EjemploLoro.vcxproj", "{5E7B6646-B7D3-49C8-8A3F-4A21B3E0979B}"
EndProject
Project("{8BC9CEB8-8B4A-11D0-8D11-00A0C91BC942}") = "EjemploSobrecargaOperadores", "EjemploSobrecargaOperadores\EjemploSobrecargaOperadores.vcxproj", "{F0395637-E677-439E-AAFD-D1BD207912BD}"
EndProject
Project("{8BC9CEB8-8B4A-11D0-8D11-00A0C91BC942}") = "EjemploRecursivo", "EjemploRecursivo\EjemploRecursivo.vcxproj", "{D13DA0FC-1538-4321-8778-380623D74D3F}"
EndProject
Project("{8BC9CEB8-8B4A-11D0-8D11-00A0C91BC942}") = "EjemploPunteros", "EjemploPunteros\EjemploPunteros.vcxproj", "{C01BA4D5-3F1E-4B5E-BBB8-C2EEB276370C}"
EndProject
Project("{8BC9CEB8-8B4A-11D0-8D11-00A0C91BC942}") = "EjemploPiramide", "EjemploPiramide\EjemploPiramide.vcxproj", "{E135C89E-F6A7-4B37-A7B9-4FA08FFB9C5F}"
EndProject
Project("{8BC9CEB8-8B4A-11D0-8D11-00A0C91BC942}") = "EjemploPasarCopiaPunteroReferencia", "EjemploPasarCopiaPunteroReferencia\EjemploPasarCopiaPunteroReferencia.vcxproj", "{AB595F5B-F966-4B99-8961-4B0DAE8D82AB}"
EndProject
Project("{8BC9CEB8-8B4A-11D0-8D11-00A0C91BC942}") = "EjemploHerenciaPolimorfismo", "EjemploHerenciaPolimorfismo\EjemploHerenciaPolimorfismo.vcxproj", "{7FA16EB2-0803-421A-B9C1-7662141F658D}"
EndProject
Project("{8BC9CEB8-8B4A-11D0-8D11-00A0C91BC942}") = "EjemploConstructorPorCopia", "EjemploConstructorPorCopia\EjemploConstructorPorCopia.vcxproj", "{A0E63700-8E7D-4E31-8F96-88E03DAC8CAC}"
EndProject
Project("{8BC9CEB8-8B4A-11D0-8D11-00A0C91BC942}") = "EjemploAritmeticaPunteros", "EjemploAritmeticaPunteros\EjemploAritmeticaPunteros.vcxproj", "{967D047E-514D-450E-BC21-00EC624AB821}"
EndProject
Project("{8BC9CEB8-8B4A-11D0-8D11-00A0C91BC942}") = "EjemploArbolesBinariosHerencia", "EjemploArbolesBinarios\EjemploArbolesBinarios.vcxproj", "{6E97F248-0FF3-4ED7-BC90-7A1D91C0EA07}"
EndProject
Global
	GlobalSection(SolutionConfigurationPlatforms) = preSolution
		Debug|Win32 = Debug|Win32
		Release|Win32 = Release|Win32
	EndGlobalSection
	GlobalSection(ProjectConfigurationPlatforms) = postSolution
		{4405AD41-08E7-4999-8D3D-5119338B09E0}.Debug|Win32.ActiveCfg = Debug|Win32
		{4405AD41-08E7-4999-8D3D-5119338B09E0}.Debug|Win32.Build.0 = Debug|Win32
		{4405AD41-08E7-4999-8D3D-5119338B09E0}.Release|Win32.ActiveCfg = Release|Win32
		{4405AD41-08E7-4999-8D3D-5119338B09E0}.Release|Win32.Build.0 = Release|Win32
		{5E7B6646-B7D3-49C8-8A3F-4A21B3E0979B}.Debug|Win32.ActiveCfg = Debug|Win32
		{5E7B6646-B7D3-49C8-8A3F-4A21B3E0979B}.Debug|Win32.Build.0 = Debug|Win32
		{5E7B6646-B7D3-49C8-8A3F-4A21B3E0979B}.Release|Win32.ActiveCfg = Release|Win32
		{5E7B6646-B7D3-49C8-8A3F-4A21B3E0979B}.Release|Win32.Build.0 = Release|Win32
		{F0395637-E677-439E-AAFD-D1BD207912BD}.Debug|Win32.ActiveCfg = Debug|Win32
		{F0395637-E677-439E-AAFD-D1BD207912BD}.Debug|Win32.Build.0 = Debug|Win32
		{F0395637-E677-439E-AAFD-D1BD207912BD}.Release|Win32.ActiveCfg = Release|Win32
		{F0395637-E677-439E-AAFD-D1BD207912BD}.Release|Win32.Build.0 = Release|Win32
		{D13DA0FC-1538-4321-8778-380623D74D3F}.Debug|Win32.ActiveCfg = Debug|Win32
		{D13DA0FC-1538-4321-8778-380623D74D3F}.Debug|Win32.Build.0 = Debug|Win32
		{D13DA0FC-1538-4321-8778-380623D74D3F}.Release|Win32.ActiveCfg = Release|Win32
		{D13DA0FC-1538-4321-8778-380623D74D3F}.Release|Win32.Build.0 = Release|Win32
		{C01BA4D5-3F1E-4B5E-BBB8-C2EEB276370C}.Debug|Win32.ActiveCfg = Debug|Win32
		{C01BA4D5-3F1E-4B5E-BBB8-C2EEB276370C}.Debug|Win32.Build.0 = Debug|Win32
		{C01BA4D5-3F1E-4B5E-BBB8-C2EEB276370C}.Release|Win32.ActiveCfg = Release|Win32
		{C01BA4D5-3F1E-4B5E-BBB8-C2EEB276370C}.Release|Win32.Build.0 = Release|Win32
		{E135C89E-F6A7-4B37-A7B9-4FA08FFB9C5F}.Debug|Win32.ActiveCfg = Debug|Win32
		{E135C89E-F6A7-4B37-A7B9-4FA08FFB9C5F}.Debug|Win32.Build.0 = Debug|Win32
		{E135C89E-F6A7-4B37-A7B9-4FA08FFB9C5F}.Release|Win32.ActiveCfg = Release|Win32
		{E135C89E-F6A7-4B37-A7B9-4FA08FFB9C5F}.Release|Win32.Build.0 = Release|Win32
		{AB595F5B-F966-4B99-8961-4B0DAE8D82AB}.Debug|Win32.ActiveCfg = Debug|Win32
		{AB595F5B-F966-4B99-8961-4B0DAE8D82AB}.Debug|Win32.Build.0 = Debug|Win32
		{AB595F5B-F966-4B99-8961-4B0DAE8D82AB}.Release|Win32.ActiveCfg = Release|Win32
		{AB595F5B-F966-4B99-8961-4B0DAE8D82AB}.Release|Win32.Build.0 = Release|Win32
		{7FA16EB2-0803-421A-B9C1-7662141F658D}.Debug|Win32.ActiveCfg = Debug|Win32
		{7FA16EB2-0803-421A-B9C1-7662141F658D}.Debug|Win32.Build.0 = Debug|Win32
		{7FA16EB2-0803-421A-B9C1-7662141F658D}.Release|Win32.ActiveCfg = Release|Win32
		{7FA16EB2-0803-421A-B9C1-7662141F658D}.Release|Win32.Build.0 = Release|Win32
		{A0E63700-8E7D-4E31-8F96-88E03DAC8CAC}.Debug|Win32.ActiveCfg = Debug|Win32
		{A0E63700-8E7D-4E31-8F96-88E03DAC8CAC}.Debug|Win32.Build.0 = Debug|Win32
		{A0E63700-8E7D-4E31-8F96-88E03DAC8CAC}.Release|Win32.ActiveCfg = Release|Win32
		{A0E63700-8E7D-4E31-8F96-88E03DAC8CAC}.Release|Win32.Build.0 = Release|Win32
		{967D047E-514D-450E-BC21-00EC624AB821}.Debug|Win32.ActiveCfg = Debug|Win32
		{967D047E-514D-450E-BC21-00EC624AB821}.Debug|Win32.Build.0 = Debug|Win32
		{967D047E-514D-450E-BC21-00EC624AB821}.Release|Win32.ActiveCfg = Release|Win32
		{967D047E-514D-450E-BC21-00EC624AB821}.Release|Win32.Build.0 = Release|Win32
		{6E97F248-0FF3-4ED7-BC90-7A1D91C0EA07}.Debug|Win32.ActiveCfg = Debug|Win32
		{6E97F248-0FF3-4ED7-BC90-7A1D91C0EA07}.Debug|Win32.Build.0 = Debug|Win32
		{6E97F248-0FF3-4ED7-BC90-7A1D91C0EA07}.Release|Win32.ActiveCfg = Release|Win32
		{6E97F248-0FF3-4ED7-BC90-7A1D91C0EA07}.Release|Win32.Build.0 = Release|Win32
	EndGlobalSection
	GlobalSection(SolutionProperties) = preSolution
		HideSolutionNode = FALSE
	EndGlobalSection
EndGlobal
