
Microsoft Visual Studio Solution File, Format Version 12.00
# Visual Studio 14
VisualStudioVersion = 14.0.24720.0
MinimumVisualStudioVersion = 10.0.40219.1
Project("{8BC9CEB8-8B4A-11D0-8D11-00A0C91BC942}") = "000-Sintaxis-HolaMundo", "000-Sintaxis-HolaMundo\000-HolaMundo.vcxproj", "{0E123A9A-7647-4EB2-B2A9-8CFB5552D10D}"
EndProject
Project("{8BC9CEB8-8B4A-11D0-8D11-00A0C91BC942}") = "001-Sintaxis-Basico", "001-Sintaxis-Basico\001-Introduccion.vcxproj", "{7DF5270C-D6D0-4FC8-875E-35C3951E566D}"
EndProject
Project("{8BC9CEB8-8B4A-11D0-8D11-00A0C91BC942}") = "002-Sintaxis-Objetos", "002-Sintaxis-Objetos\EjemploLoro.vcxproj", "{5E7B6646-B7D3-49C8-8A3F-4A21B3E0979B}"
EndProject
Project("{8BC9CEB8-8B4A-11D0-8D11-00A0C91BC942}") = "003-Punteros-Introduccion", "003-Punteros-Introduccion\EjemploPunteros.vcxproj", "{C01BA4D5-3F1E-4B5E-BBB8-C2EEB276370C}"
EndProject
Project("{8BC9CEB8-8B4A-11D0-8D11-00A0C91BC942}") = "004-Punteros-Aritmetica", "004-Punteros-Aritmetica\EjemploAritmeticaPunteros.vcxproj", "{967D047E-514D-450E-BC21-00EC624AB821}"
EndProject
Project("{8BC9CEB8-8B4A-11D0-8D11-00A0C91BC942}") = "005-Debug-Assert", "005-Debug-Assert\EjemploAssert.vcxproj", "{0680B7C8-780E-466E-B36D-F21C9B67E97A}"
EndProject
Project("{8BC9CEB8-8B4A-11D0-8D11-00A0C91BC942}") = "006-Debug-Chrono", "006-Debug-Chrono\EjemploChrono.vcxproj", "{5CFAD5DB-3AB8-45F9-AD02-0D563DB6B202}"
EndProject
Project("{8BC9CEB8-8B4A-11D0-8D11-00A0C91BC942}") = "007-Sintaxis-ConstructorPorCopia", "007-Sintaxis-ConstructorPorCopia\EjemploConstructorPorCopia.vcxproj", "{A0E63700-8E7D-4E31-8F96-88E03DAC8CAC}"
EndProject
Project("{8BC9CEB8-8B4A-11D0-8D11-00A0C91BC942}") = "008-Sintaxis-TiposDeParametros", "008-Sintaxis-TiposDeParametros\EjemploPasarCopiaPunteroReferencia.vcxproj", "{AB595F5B-F966-4B99-8961-4B0DAE8D82AB}"
EndProject
Project("{8BC9CEB8-8B4A-11D0-8D11-00A0C91BC942}") = "009-Sintaxis-SobrecargaOperadores", "009-Sintaxis-SobrecargaOperadores\EjemploSobrecargaOperadores.vcxproj", "{F0395637-E677-439E-AAFD-D1BD207912BD}"
EndProject
Project("{8BC9CEB8-8B4A-11D0-8D11-00A0C91BC942}") = "010-Herencia-Introduccion", "010-Herencia-Introduccion\004-Herencia.vcxproj", "{EC24137C-0077-4661-AD02-11678379001D}"
EndProject
Project("{8BC9CEB8-8B4A-11D0-8D11-00A0C91BC942}") = "011-Herencia-Calculadora", "011-Herencia-Calculadora\EjemploCalculadora.vcxproj", "{DEAD5A89-AC83-4AF7-A3AF-60A06353775D}"
EndProject
Project("{8BC9CEB8-8B4A-11D0-8D11-00A0C91BC942}") = "012-Herencia-ArbolBinario", "012-Herencia-ArbolBinario\EjemploArbolesBinariosHerencia.vcxproj", "{79894AAE-2180-415D-A533-AF97D9BE917D}"
EndProject
Project("{8BC9CEB8-8B4A-11D0-8D11-00A0C91BC942}") = "013-Plantillas-Introduccion", "013-Plantillas-Introduccion\EjemploPlantillas.vcxproj", "{C4B2E056-9F17-4290-90C9-24E58AEE36C9}"
EndProject
Project("{8BC9CEB8-8B4A-11D0-8D11-00A0C91BC942}") = "014-Plantillas-ArbolBinario", "014-Plantillas-ArbolBinario\EjemploArbolesBinariosEmplantillado.vcxproj", "{82B81D40-3CE6-42D8-8E72-1B389B3C58D4}"
EndProject
Project("{8BC9CEB8-8B4A-11D0-8D11-00A0C91BC942}") = "015-Recursividad-Introduccion", "015-Recursividad-Introduccion\EjemploRecursivo.vcxproj", "{D13DA0FC-1538-4321-8778-380623D74D3F}"
EndProject
Global
	GlobalSection(SolutionConfigurationPlatforms) = preSolution
		Debug|Any CPU = Debug|Any CPU
		Debug|Mixed Platforms = Debug|Mixed Platforms
		Debug|Win32 = Debug|Win32
		Debug|x64 = Debug|x64
		Release|Any CPU = Release|Any CPU
		Release|Mixed Platforms = Release|Mixed Platforms
		Release|Win32 = Release|Win32
		Release|x64 = Release|x64
	EndGlobalSection
	GlobalSection(ProjectConfigurationPlatforms) = postSolution
		{5E7B6646-B7D3-49C8-8A3F-4A21B3E0979B}.Debug|Any CPU.ActiveCfg = Debug|Win32
		{5E7B6646-B7D3-49C8-8A3F-4A21B3E0979B}.Debug|Mixed Platforms.ActiveCfg = Debug|Win32
		{5E7B6646-B7D3-49C8-8A3F-4A21B3E0979B}.Debug|Mixed Platforms.Build.0 = Debug|Win32
		{5E7B6646-B7D3-49C8-8A3F-4A21B3E0979B}.Debug|Win32.ActiveCfg = Debug|Win32
		{5E7B6646-B7D3-49C8-8A3F-4A21B3E0979B}.Debug|Win32.Build.0 = Debug|Win32
		{5E7B6646-B7D3-49C8-8A3F-4A21B3E0979B}.Debug|x64.ActiveCfg = Debug|Win32
		{5E7B6646-B7D3-49C8-8A3F-4A21B3E0979B}.Release|Any CPU.ActiveCfg = Release|Win32
		{5E7B6646-B7D3-49C8-8A3F-4A21B3E0979B}.Release|Mixed Platforms.ActiveCfg = Release|Win32
		{5E7B6646-B7D3-49C8-8A3F-4A21B3E0979B}.Release|Mixed Platforms.Build.0 = Release|Win32
		{5E7B6646-B7D3-49C8-8A3F-4A21B3E0979B}.Release|Win32.ActiveCfg = Release|Win32
		{5E7B6646-B7D3-49C8-8A3F-4A21B3E0979B}.Release|Win32.Build.0 = Release|Win32
		{5E7B6646-B7D3-49C8-8A3F-4A21B3E0979B}.Release|x64.ActiveCfg = Release|Win32
		{F0395637-E677-439E-AAFD-D1BD207912BD}.Debug|Any CPU.ActiveCfg = Debug|Win32
		{F0395637-E677-439E-AAFD-D1BD207912BD}.Debug|Mixed Platforms.ActiveCfg = Debug|Win32
		{F0395637-E677-439E-AAFD-D1BD207912BD}.Debug|Mixed Platforms.Build.0 = Debug|Win32
		{F0395637-E677-439E-AAFD-D1BD207912BD}.Debug|Win32.ActiveCfg = Debug|Win32
		{F0395637-E677-439E-AAFD-D1BD207912BD}.Debug|Win32.Build.0 = Debug|Win32
		{F0395637-E677-439E-AAFD-D1BD207912BD}.Debug|x64.ActiveCfg = Debug|Win32
		{F0395637-E677-439E-AAFD-D1BD207912BD}.Release|Any CPU.ActiveCfg = Release|Win32
		{F0395637-E677-439E-AAFD-D1BD207912BD}.Release|Mixed Platforms.ActiveCfg = Release|Win32
		{F0395637-E677-439E-AAFD-D1BD207912BD}.Release|Mixed Platforms.Build.0 = Release|Win32
		{F0395637-E677-439E-AAFD-D1BD207912BD}.Release|Win32.ActiveCfg = Release|Win32
		{F0395637-E677-439E-AAFD-D1BD207912BD}.Release|Win32.Build.0 = Release|Win32
		{F0395637-E677-439E-AAFD-D1BD207912BD}.Release|x64.ActiveCfg = Release|Win32
		{D13DA0FC-1538-4321-8778-380623D74D3F}.Debug|Any CPU.ActiveCfg = Debug|Win32
		{D13DA0FC-1538-4321-8778-380623D74D3F}.Debug|Mixed Platforms.ActiveCfg = Debug|Win32
		{D13DA0FC-1538-4321-8778-380623D74D3F}.Debug|Mixed Platforms.Build.0 = Debug|Win32
		{D13DA0FC-1538-4321-8778-380623D74D3F}.Debug|Win32.ActiveCfg = Debug|Win32
		{D13DA0FC-1538-4321-8778-380623D74D3F}.Debug|Win32.Build.0 = Debug|Win32
		{D13DA0FC-1538-4321-8778-380623D74D3F}.Debug|x64.ActiveCfg = Debug|Win32
		{D13DA0FC-1538-4321-8778-380623D74D3F}.Release|Any CPU.ActiveCfg = Release|Win32
		{D13DA0FC-1538-4321-8778-380623D74D3F}.Release|Mixed Platforms.ActiveCfg = Release|Win32
		{D13DA0FC-1538-4321-8778-380623D74D3F}.Release|Mixed Platforms.Build.0 = Release|Win32
		{D13DA0FC-1538-4321-8778-380623D74D3F}.Release|Win32.ActiveCfg = Release|Win32
		{D13DA0FC-1538-4321-8778-380623D74D3F}.Release|Win32.Build.0 = Release|Win32
		{D13DA0FC-1538-4321-8778-380623D74D3F}.Release|x64.ActiveCfg = Release|Win32
		{C01BA4D5-3F1E-4B5E-BBB8-C2EEB276370C}.Debug|Any CPU.ActiveCfg = Debug|Win32
		{C01BA4D5-3F1E-4B5E-BBB8-C2EEB276370C}.Debug|Mixed Platforms.ActiveCfg = Debug|Win32
		{C01BA4D5-3F1E-4B5E-BBB8-C2EEB276370C}.Debug|Mixed Platforms.Build.0 = Debug|Win32
		{C01BA4D5-3F1E-4B5E-BBB8-C2EEB276370C}.Debug|Win32.ActiveCfg = Debug|Win32
		{C01BA4D5-3F1E-4B5E-BBB8-C2EEB276370C}.Debug|Win32.Build.0 = Debug|Win32
		{C01BA4D5-3F1E-4B5E-BBB8-C2EEB276370C}.Debug|x64.ActiveCfg = Debug|Win32
		{C01BA4D5-3F1E-4B5E-BBB8-C2EEB276370C}.Release|Any CPU.ActiveCfg = Release|Win32
		{C01BA4D5-3F1E-4B5E-BBB8-C2EEB276370C}.Release|Mixed Platforms.ActiveCfg = Release|Win32
		{C01BA4D5-3F1E-4B5E-BBB8-C2EEB276370C}.Release|Mixed Platforms.Build.0 = Release|Win32
		{C01BA4D5-3F1E-4B5E-BBB8-C2EEB276370C}.Release|Win32.ActiveCfg = Release|Win32
		{C01BA4D5-3F1E-4B5E-BBB8-C2EEB276370C}.Release|Win32.Build.0 = Release|Win32
		{C01BA4D5-3F1E-4B5E-BBB8-C2EEB276370C}.Release|x64.ActiveCfg = Release|Win32
		{AB595F5B-F966-4B99-8961-4B0DAE8D82AB}.Debug|Any CPU.ActiveCfg = Debug|Win32
		{AB595F5B-F966-4B99-8961-4B0DAE8D82AB}.Debug|Mixed Platforms.ActiveCfg = Debug|Win32
		{AB595F5B-F966-4B99-8961-4B0DAE8D82AB}.Debug|Mixed Platforms.Build.0 = Debug|Win32
		{AB595F5B-F966-4B99-8961-4B0DAE8D82AB}.Debug|Win32.ActiveCfg = Debug|Win32
		{AB595F5B-F966-4B99-8961-4B0DAE8D82AB}.Debug|Win32.Build.0 = Debug|Win32
		{AB595F5B-F966-4B99-8961-4B0DAE8D82AB}.Debug|x64.ActiveCfg = Debug|Win32
		{AB595F5B-F966-4B99-8961-4B0DAE8D82AB}.Release|Any CPU.ActiveCfg = Release|Win32
		{AB595F5B-F966-4B99-8961-4B0DAE8D82AB}.Release|Mixed Platforms.ActiveCfg = Release|Win32
		{AB595F5B-F966-4B99-8961-4B0DAE8D82AB}.Release|Mixed Platforms.Build.0 = Release|Win32
		{AB595F5B-F966-4B99-8961-4B0DAE8D82AB}.Release|Win32.ActiveCfg = Release|Win32
		{AB595F5B-F966-4B99-8961-4B0DAE8D82AB}.Release|Win32.Build.0 = Release|Win32
		{AB595F5B-F966-4B99-8961-4B0DAE8D82AB}.Release|x64.ActiveCfg = Release|Win32
		{A0E63700-8E7D-4E31-8F96-88E03DAC8CAC}.Debug|Any CPU.ActiveCfg = Debug|Win32
		{A0E63700-8E7D-4E31-8F96-88E03DAC8CAC}.Debug|Mixed Platforms.ActiveCfg = Debug|Win32
		{A0E63700-8E7D-4E31-8F96-88E03DAC8CAC}.Debug|Mixed Platforms.Build.0 = Debug|Win32
		{A0E63700-8E7D-4E31-8F96-88E03DAC8CAC}.Debug|Win32.ActiveCfg = Debug|Win32
		{A0E63700-8E7D-4E31-8F96-88E03DAC8CAC}.Debug|Win32.Build.0 = Debug|Win32
		{A0E63700-8E7D-4E31-8F96-88E03DAC8CAC}.Debug|x64.ActiveCfg = Debug|Win32
		{A0E63700-8E7D-4E31-8F96-88E03DAC8CAC}.Release|Any CPU.ActiveCfg = Release|Win32
		{A0E63700-8E7D-4E31-8F96-88E03DAC8CAC}.Release|Mixed Platforms.ActiveCfg = Release|Win32
		{A0E63700-8E7D-4E31-8F96-88E03DAC8CAC}.Release|Mixed Platforms.Build.0 = Release|Win32
		{A0E63700-8E7D-4E31-8F96-88E03DAC8CAC}.Release|Win32.ActiveCfg = Release|Win32
		{A0E63700-8E7D-4E31-8F96-88E03DAC8CAC}.Release|Win32.Build.0 = Release|Win32
		{A0E63700-8E7D-4E31-8F96-88E03DAC8CAC}.Release|x64.ActiveCfg = Release|Win32
		{967D047E-514D-450E-BC21-00EC624AB821}.Debug|Any CPU.ActiveCfg = Debug|Win32
		{967D047E-514D-450E-BC21-00EC624AB821}.Debug|Mixed Platforms.ActiveCfg = Debug|Win32
		{967D047E-514D-450E-BC21-00EC624AB821}.Debug|Mixed Platforms.Build.0 = Debug|Win32
		{967D047E-514D-450E-BC21-00EC624AB821}.Debug|Win32.ActiveCfg = Debug|Win32
		{967D047E-514D-450E-BC21-00EC624AB821}.Debug|Win32.Build.0 = Debug|Win32
		{967D047E-514D-450E-BC21-00EC624AB821}.Debug|x64.ActiveCfg = Debug|Win32
		{967D047E-514D-450E-BC21-00EC624AB821}.Release|Any CPU.ActiveCfg = Release|Win32
		{967D047E-514D-450E-BC21-00EC624AB821}.Release|Mixed Platforms.ActiveCfg = Release|Win32
		{967D047E-514D-450E-BC21-00EC624AB821}.Release|Mixed Platforms.Build.0 = Release|Win32
		{967D047E-514D-450E-BC21-00EC624AB821}.Release|Win32.ActiveCfg = Release|Win32
		{967D047E-514D-450E-BC21-00EC624AB821}.Release|Win32.Build.0 = Release|Win32
		{967D047E-514D-450E-BC21-00EC624AB821}.Release|x64.ActiveCfg = Release|Win32
		{79894AAE-2180-415D-A533-AF97D9BE917D}.Debug|Any CPU.ActiveCfg = Debug|Win32
		{79894AAE-2180-415D-A533-AF97D9BE917D}.Debug|Mixed Platforms.ActiveCfg = Debug|Win32
		{79894AAE-2180-415D-A533-AF97D9BE917D}.Debug|Mixed Platforms.Build.0 = Debug|Win32
		{79894AAE-2180-415D-A533-AF97D9BE917D}.Debug|Win32.ActiveCfg = Debug|Win32
		{79894AAE-2180-415D-A533-AF97D9BE917D}.Debug|Win32.Build.0 = Debug|Win32
		{79894AAE-2180-415D-A533-AF97D9BE917D}.Debug|x64.ActiveCfg = Debug|Win32
		{79894AAE-2180-415D-A533-AF97D9BE917D}.Release|Any CPU.ActiveCfg = Release|Win32
		{79894AAE-2180-415D-A533-AF97D9BE917D}.Release|Mixed Platforms.ActiveCfg = Release|Win32
		{79894AAE-2180-415D-A533-AF97D9BE917D}.Release|Mixed Platforms.Build.0 = Release|Win32
		{79894AAE-2180-415D-A533-AF97D9BE917D}.Release|Win32.ActiveCfg = Release|Win32
		{79894AAE-2180-415D-A533-AF97D9BE917D}.Release|Win32.Build.0 = Release|Win32
		{79894AAE-2180-415D-A533-AF97D9BE917D}.Release|x64.ActiveCfg = Release|Win32
		{5CFAD5DB-3AB8-45F9-AD02-0D563DB6B202}.Debug|Any CPU.ActiveCfg = Debug|Win32
		{5CFAD5DB-3AB8-45F9-AD02-0D563DB6B202}.Debug|Mixed Platforms.ActiveCfg = Debug|Win32
		{5CFAD5DB-3AB8-45F9-AD02-0D563DB6B202}.Debug|Mixed Platforms.Build.0 = Debug|Win32
		{5CFAD5DB-3AB8-45F9-AD02-0D563DB6B202}.Debug|Win32.ActiveCfg = Debug|Win32
		{5CFAD5DB-3AB8-45F9-AD02-0D563DB6B202}.Debug|Win32.Build.0 = Debug|Win32
		{5CFAD5DB-3AB8-45F9-AD02-0D563DB6B202}.Debug|x64.ActiveCfg = Debug|Win32
		{5CFAD5DB-3AB8-45F9-AD02-0D563DB6B202}.Release|Any CPU.ActiveCfg = Release|Win32
		{5CFAD5DB-3AB8-45F9-AD02-0D563DB6B202}.Release|Mixed Platforms.ActiveCfg = Release|Win32
		{5CFAD5DB-3AB8-45F9-AD02-0D563DB6B202}.Release|Mixed Platforms.Build.0 = Release|Win32
		{5CFAD5DB-3AB8-45F9-AD02-0D563DB6B202}.Release|Win32.ActiveCfg = Release|Win32
		{5CFAD5DB-3AB8-45F9-AD02-0D563DB6B202}.Release|Win32.Build.0 = Release|Win32
		{5CFAD5DB-3AB8-45F9-AD02-0D563DB6B202}.Release|x64.ActiveCfg = Release|Win32
		{C4B2E056-9F17-4290-90C9-24E58AEE36C9}.Debug|Any CPU.ActiveCfg = Debug|Win32
		{C4B2E056-9F17-4290-90C9-24E58AEE36C9}.Debug|Mixed Platforms.ActiveCfg = Debug|Win32
		{C4B2E056-9F17-4290-90C9-24E58AEE36C9}.Debug|Mixed Platforms.Build.0 = Debug|Win32
		{C4B2E056-9F17-4290-90C9-24E58AEE36C9}.Debug|Win32.ActiveCfg = Debug|Win32
		{C4B2E056-9F17-4290-90C9-24E58AEE36C9}.Debug|Win32.Build.0 = Debug|Win32
		{C4B2E056-9F17-4290-90C9-24E58AEE36C9}.Debug|x64.ActiveCfg = Debug|Win32
		{C4B2E056-9F17-4290-90C9-24E58AEE36C9}.Release|Any CPU.ActiveCfg = Release|Win32
		{C4B2E056-9F17-4290-90C9-24E58AEE36C9}.Release|Mixed Platforms.ActiveCfg = Release|Win32
		{C4B2E056-9F17-4290-90C9-24E58AEE36C9}.Release|Mixed Platforms.Build.0 = Release|Win32
		{C4B2E056-9F17-4290-90C9-24E58AEE36C9}.Release|Win32.ActiveCfg = Release|Win32
		{C4B2E056-9F17-4290-90C9-24E58AEE36C9}.Release|Win32.Build.0 = Release|Win32
		{C4B2E056-9F17-4290-90C9-24E58AEE36C9}.Release|x64.ActiveCfg = Release|Win32
		{DEAD5A89-AC83-4AF7-A3AF-60A06353775D}.Debug|Any CPU.ActiveCfg = Debug|Win32
		{DEAD5A89-AC83-4AF7-A3AF-60A06353775D}.Debug|Mixed Platforms.ActiveCfg = Debug|Win32
		{DEAD5A89-AC83-4AF7-A3AF-60A06353775D}.Debug|Mixed Platforms.Build.0 = Debug|Win32
		{DEAD5A89-AC83-4AF7-A3AF-60A06353775D}.Debug|Win32.ActiveCfg = Debug|Win32
		{DEAD5A89-AC83-4AF7-A3AF-60A06353775D}.Debug|Win32.Build.0 = Debug|Win32
		{DEAD5A89-AC83-4AF7-A3AF-60A06353775D}.Debug|x64.ActiveCfg = Debug|Win32
		{DEAD5A89-AC83-4AF7-A3AF-60A06353775D}.Release|Any CPU.ActiveCfg = Release|Win32
		{DEAD5A89-AC83-4AF7-A3AF-60A06353775D}.Release|Mixed Platforms.ActiveCfg = Release|Win32
		{DEAD5A89-AC83-4AF7-A3AF-60A06353775D}.Release|Mixed Platforms.Build.0 = Release|Win32
		{DEAD5A89-AC83-4AF7-A3AF-60A06353775D}.Release|Win32.ActiveCfg = Release|Win32
		{DEAD5A89-AC83-4AF7-A3AF-60A06353775D}.Release|Win32.Build.0 = Release|Win32
		{DEAD5A89-AC83-4AF7-A3AF-60A06353775D}.Release|x64.ActiveCfg = Release|Win32
		{82B81D40-3CE6-42D8-8E72-1B389B3C58D4}.Debug|Any CPU.ActiveCfg = Debug|Win32
		{82B81D40-3CE6-42D8-8E72-1B389B3C58D4}.Debug|Mixed Platforms.ActiveCfg = Debug|Win32
		{82B81D40-3CE6-42D8-8E72-1B389B3C58D4}.Debug|Mixed Platforms.Build.0 = Debug|Win32
		{82B81D40-3CE6-42D8-8E72-1B389B3C58D4}.Debug|Win32.ActiveCfg = Debug|Win32
		{82B81D40-3CE6-42D8-8E72-1B389B3C58D4}.Debug|Win32.Build.0 = Debug|Win32
		{82B81D40-3CE6-42D8-8E72-1B389B3C58D4}.Debug|x64.ActiveCfg = Debug|Win32
		{82B81D40-3CE6-42D8-8E72-1B389B3C58D4}.Release|Any CPU.ActiveCfg = Release|Win32
		{82B81D40-3CE6-42D8-8E72-1B389B3C58D4}.Release|Mixed Platforms.ActiveCfg = Release|Win32
		{82B81D40-3CE6-42D8-8E72-1B389B3C58D4}.Release|Mixed Platforms.Build.0 = Release|Win32
		{82B81D40-3CE6-42D8-8E72-1B389B3C58D4}.Release|Win32.ActiveCfg = Release|Win32
		{82B81D40-3CE6-42D8-8E72-1B389B3C58D4}.Release|Win32.Build.0 = Release|Win32
		{82B81D40-3CE6-42D8-8E72-1B389B3C58D4}.Release|x64.ActiveCfg = Release|Win32
		{0680B7C8-780E-466E-B36D-F21C9B67E97A}.Debug|Any CPU.ActiveCfg = Debug|Win32
		{0680B7C8-780E-466E-B36D-F21C9B67E97A}.Debug|Mixed Platforms.ActiveCfg = Debug|Win32
		{0680B7C8-780E-466E-B36D-F21C9B67E97A}.Debug|Mixed Platforms.Build.0 = Debug|Win32
		{0680B7C8-780E-466E-B36D-F21C9B67E97A}.Debug|Win32.ActiveCfg = Debug|Win32
		{0680B7C8-780E-466E-B36D-F21C9B67E97A}.Debug|Win32.Build.0 = Debug|Win32
		{0680B7C8-780E-466E-B36D-F21C9B67E97A}.Debug|x64.ActiveCfg = Debug|Win32
		{0680B7C8-780E-466E-B36D-F21C9B67E97A}.Release|Any CPU.ActiveCfg = Release|Win32
		{0680B7C8-780E-466E-B36D-F21C9B67E97A}.Release|Mixed Platforms.ActiveCfg = Release|Win32
		{0680B7C8-780E-466E-B36D-F21C9B67E97A}.Release|Mixed Platforms.Build.0 = Release|Win32
		{0680B7C8-780E-466E-B36D-F21C9B67E97A}.Release|Win32.ActiveCfg = Release|Win32
		{0680B7C8-780E-466E-B36D-F21C9B67E97A}.Release|Win32.Build.0 = Release|Win32
		{0680B7C8-780E-466E-B36D-F21C9B67E97A}.Release|x64.ActiveCfg = Release|Win32
		{0E123A9A-7647-4EB2-B2A9-8CFB5552D10D}.Debug|Any CPU.ActiveCfg = Debug|Win32
		{0E123A9A-7647-4EB2-B2A9-8CFB5552D10D}.Debug|Mixed Platforms.ActiveCfg = Debug|Win32
		{0E123A9A-7647-4EB2-B2A9-8CFB5552D10D}.Debug|Mixed Platforms.Build.0 = Debug|Win32
		{0E123A9A-7647-4EB2-B2A9-8CFB5552D10D}.Debug|Win32.ActiveCfg = Debug|Win32
		{0E123A9A-7647-4EB2-B2A9-8CFB5552D10D}.Debug|Win32.Build.0 = Debug|Win32
		{0E123A9A-7647-4EB2-B2A9-8CFB5552D10D}.Debug|x64.ActiveCfg = Debug|x64
		{0E123A9A-7647-4EB2-B2A9-8CFB5552D10D}.Debug|x64.Build.0 = Debug|x64
		{0E123A9A-7647-4EB2-B2A9-8CFB5552D10D}.Release|Any CPU.ActiveCfg = Release|Win32
		{0E123A9A-7647-4EB2-B2A9-8CFB5552D10D}.Release|Mixed Platforms.ActiveCfg = Release|Win32
		{0E123A9A-7647-4EB2-B2A9-8CFB5552D10D}.Release|Mixed Platforms.Build.0 = Release|Win32
		{0E123A9A-7647-4EB2-B2A9-8CFB5552D10D}.Release|Win32.ActiveCfg = Release|Win32
		{0E123A9A-7647-4EB2-B2A9-8CFB5552D10D}.Release|Win32.Build.0 = Release|Win32
		{0E123A9A-7647-4EB2-B2A9-8CFB5552D10D}.Release|x64.ActiveCfg = Release|x64
		{0E123A9A-7647-4EB2-B2A9-8CFB5552D10D}.Release|x64.Build.0 = Release|x64
		{7DF5270C-D6D0-4FC8-875E-35C3951E566D}.Debug|Any CPU.ActiveCfg = Debug|Win32
		{7DF5270C-D6D0-4FC8-875E-35C3951E566D}.Debug|Mixed Platforms.ActiveCfg = Debug|Win32
		{7DF5270C-D6D0-4FC8-875E-35C3951E566D}.Debug|Mixed Platforms.Build.0 = Debug|Win32
		{7DF5270C-D6D0-4FC8-875E-35C3951E566D}.Debug|Win32.ActiveCfg = Debug|Win32
		{7DF5270C-D6D0-4FC8-875E-35C3951E566D}.Debug|Win32.Build.0 = Debug|Win32
		{7DF5270C-D6D0-4FC8-875E-35C3951E566D}.Debug|x64.ActiveCfg = Debug|x64
		{7DF5270C-D6D0-4FC8-875E-35C3951E566D}.Debug|x64.Build.0 = Debug|x64
		{7DF5270C-D6D0-4FC8-875E-35C3951E566D}.Release|Any CPU.ActiveCfg = Release|Win32
		{7DF5270C-D6D0-4FC8-875E-35C3951E566D}.Release|Mixed Platforms.ActiveCfg = Release|Win32
		{7DF5270C-D6D0-4FC8-875E-35C3951E566D}.Release|Mixed Platforms.Build.0 = Release|Win32
		{7DF5270C-D6D0-4FC8-875E-35C3951E566D}.Release|Win32.ActiveCfg = Release|Win32
		{7DF5270C-D6D0-4FC8-875E-35C3951E566D}.Release|Win32.Build.0 = Release|Win32
		{7DF5270C-D6D0-4FC8-875E-35C3951E566D}.Release|x64.ActiveCfg = Release|x64
		{7DF5270C-D6D0-4FC8-875E-35C3951E566D}.Release|x64.Build.0 = Release|x64
		{EC24137C-0077-4661-AD02-11678379001D}.Debug|Any CPU.ActiveCfg = Debug|Win32
		{EC24137C-0077-4661-AD02-11678379001D}.Debug|Mixed Platforms.ActiveCfg = Debug|Win32
		{EC24137C-0077-4661-AD02-11678379001D}.Debug|Mixed Platforms.Build.0 = Debug|Win32
		{EC24137C-0077-4661-AD02-11678379001D}.Debug|Win32.ActiveCfg = Debug|Win32
		{EC24137C-0077-4661-AD02-11678379001D}.Debug|Win32.Build.0 = Debug|Win32
		{EC24137C-0077-4661-AD02-11678379001D}.Debug|x64.ActiveCfg = Debug|x64
		{EC24137C-0077-4661-AD02-11678379001D}.Debug|x64.Build.0 = Debug|x64
		{EC24137C-0077-4661-AD02-11678379001D}.Release|Any CPU.ActiveCfg = Release|Win32
		{EC24137C-0077-4661-AD02-11678379001D}.Release|Mixed Platforms.ActiveCfg = Release|Win32
		{EC24137C-0077-4661-AD02-11678379001D}.Release|Mixed Platforms.Build.0 = Release|Win32
		{EC24137C-0077-4661-AD02-11678379001D}.Release|Win32.ActiveCfg = Release|Win32
		{EC24137C-0077-4661-AD02-11678379001D}.Release|Win32.Build.0 = Release|Win32
		{EC24137C-0077-4661-AD02-11678379001D}.Release|x64.ActiveCfg = Release|x64
		{EC24137C-0077-4661-AD02-11678379001D}.Release|x64.Build.0 = Release|x64
	EndGlobalSection
	GlobalSection(SolutionProperties) = preSolution
		HideSolutionNode = FALSE
	EndGlobalSection
EndGlobal
