<?xml version="1.0" encoding="utf-8"?>
<Project ToolsVersion="4.0" xmlns="http://schemas.microsoft.com/developer/msbuild/2003">
  <ItemGroup>
    <Filter Include="Main">
      <UniqueIdentifier>{d4ba8956-9556-44ef-bf09-c8d94fc56c8a}</UniqueIdentifier>
    </Filter>
    <Filter Include="HerenciaSimple">
      <UniqueIdentifier>{55d8ea2c-2cdf-445e-9d6c-026bb44e4d20}</UniqueIdentifier>
    </Filter>
  </ItemGroup>
  <ItemGroup>
    <ClInclude Include="Animal.h">
      <Filter>HerenciaSimple</Filter>
    </ClInclude>
    <ClInclude Include="Gato.h">
      <Filter>HerenciaSimple</Filter>
    </ClInclude>
    <ClInclude Include="Perro.h">
      <Filter>HerenciaSimple</Filter>
    </ClInclude>
    <ClInclude Include="stdafx.h">
      <Filter>Main</Filter>
    </ClInclude>
    <ClInclude Include="targetver.h">
      <Filter>Main</Filter>
    </ClInclude>
  </ItemGroup>
  <ItemGroup>
    <ClCompile Include="Main.cpp">
      <Filter>Main</Filter>
    </ClCompile>
    <ClCompile Include="Animal.cpp">
      <Filter>HerenciaSimple</Filter>
    </ClCompile>
    <ClCompile Include="Gato.cpp">
      <Filter>HerenciaSimple</Filter>
    </ClCompile>
    <ClCompile Include="Perro.cpp">
      <Filter>HerenciaSimple</Filter>
    </ClCompile>
    <ClCompile Include="stdafx.cpp">
      <Filter>Main</Filter>
    </ClCompile>
  </ItemGroup>
</Project>